
Microsoft Visual Studio Solution File, Format Version 12.00
# Visual Studio Version 17
VisualStudioVersion = 17.9.34723.18
MinimumVisualStudioVersion = 10.0.40219.1
Project("{9A19103F-16F7-4668-BE54-9A1E7A4F7556}") = "Maomi.MQ", "src\Maomi.MQ\Maomi.MQ.csproj", "{A22A60A7-DE6D-48B4-A77D-C7BB66824CDE}"
EndProject
Project("{2150E333-8FDC-42A3-9474-1A3956D46DE8}") = "src", "src", "{5B4C0FA8-62E1-499B-8DB1-9C1CB0DE705D}"
EndProject
Project("{2150E333-8FDC-42A3-9474-1A3956D46DE8}") = "example", "example", "{21BC46FB-53A6-4372-8A0C-5562DACAB888}"
EndProject
Project("{9A19103F-16F7-4668-BE54-9A1E7A4F7556}") = "Maomi.MQ.RedisRetry", "src\Maomi.MQ.RedisRetry\Maomi.MQ.RedisRetry.csproj", "{2520529F-53A8-4FEC-A5B8-91A9C60C8B23}"
EndProject
Project("{2150E333-8FDC-42A3-9474-1A3956D46DE8}") = "Solution Items", "Solution Items", "{BBC77092-8802-41BA-B909-4BB8F75EC21B}"
	ProjectSection(SolutionItems) = preProject
		.editorconfig = .editorconfig
	EndProjectSection
EndProject
Project("{9A19103F-16F7-4668-BE54-9A1E7A4F7556}") = "Maomi.MQ.Tests", "src\Maomi.MQ.Tests\Maomi.MQ.Tests.csproj", "{618D4E2A-DB8C-4C3B-BD90-EFDDE9544121}"
EndProject
Project("{2150E333-8FDC-42A3-9474-1A3956D46DE8}") = "OpenTelemetry", "OpenTelemetry", "{8979DE46-2DFE-424E-8C3F-010D6913D44D}"
EndProject
Project("{9A19103F-16F7-4668-BE54-9A1E7A4F7556}") = "ActivitySourceApi", "example\OpenTelemetry\ActivitySourceApi\ActivitySourceApi.csproj", "{14B650D7-0B6C-41C6-9523-17AA3044A94D}"
EndProject
Project("{9A19103F-16F7-4668-BE54-9A1E7A4F7556}") = "OpenTelemetry.Instrumentation.MaomiMQ", "src\OpenTelemetry.Instrumentation.MaomiMQ\OpenTelemetry.Instrumentation.MaomiMQ.csproj", "{96864D72-93E1-480B-B10D-73E34165E77E}"
EndProject
Project("{2150E333-8FDC-42A3-9474-1A3956D46DE8}") = "publisher", "publisher", "{C9CB227E-4398-42C7-8885-EE9C7BFD89F6}"
EndProject
Project("{2150E333-8FDC-42A3-9474-1A3956D46DE8}") = "consumer", "consumer", "{C26DE99E-BA5B-440A-A731-3E19710E6367}"
EndProject
Project("{9A19103F-16F7-4668-BE54-9A1E7A4F7556}") = "PublisherWeb", "example\publisher\PublisherWeb\PublisherWeb.csproj", "{CB412A89-4993-4C9C-9F5D-476557B34DB5}"
EndProject
Project("{9A19103F-16F7-4668-BE54-9A1E7A4F7556}") = "ConsumerWeb", "example\consumer\ConsumerWeb\ConsumerWeb.csproj", "{6C84417D-21F4-47EE-9612-BFF337E3B46C}"
EndProject
Project("{2150E333-8FDC-42A3-9474-1A3956D46DE8}") = "event", "event", "{0DB479E6-BE6A-4042-99BF-E3242C55343A}"
EndProject
Project("{9A19103F-16F7-4668-BE54-9A1E7A4F7556}") = "EventWeb", "example\event\EventWeb\EventWeb.csproj", "{A7D8D67E-4934-4D5A-A6F2-B37011EEAF9C}"
EndProject
Project("{9A19103F-16F7-4668-BE54-9A1E7A4F7556}") = "ConsumerMiddleware", "example\event\ConsumerMiddleware\ConsumerMiddleware.csproj", "{89ADC4A7-12F2-4CD7-9219-5FAC8D501E2C}"
EndProject
Project("{9A19103F-16F7-4668-BE54-9A1E7A4F7556}") = "EventGroup", "example\event\EventGroup\EventGroup.csproj", "{CA20A741-3829-463D-ABDF-D5811D94602C}"
EndProject
Project("{2150E333-8FDC-42A3-9474-1A3956D46DE8}") = "retry", "retry", "{B24F7275-592D-44DF-B909-EE773B809B32}"
EndProject
Project("{9A19103F-16F7-4668-BE54-9A1E7A4F7556}") = "RetryWeb", "example\retry\RetryWeb\RetryWeb.csproj", "{10533189-1BE6-4F50-B5E9-3107A2274AC9}"
EndProject
Project("{9A19103F-16F7-4668-BE54-9A1E7A4F7556}") = "Maomi.MQ.Core", "src\Maomi.MQ.Core\Maomi.MQ.Core.csproj", "{7D6A2911-0F50-4688-ABAB-A43EE4EA0DAC}"
EndProject
Project("{9A19103F-16F7-4668-BE54-9A1E7A4F7556}") = "Maomi.MQ.RabbitMQ", "src\Maomi.MQ.RabbitMQ\Maomi.MQ.RabbitMQ.csproj", "{BAF75CF5-1CDD-4751-A163-25F12BB4FCA5}"
EndProject
Project("{2150E333-8FDC-42A3-9474-1A3956D46DE8}") = "qos", "qos", "{3A5731A3-9BAC-454B-B76B-81C381404ABC}"
EndProject
Project("{9A19103F-16F7-4668-BE54-9A1E7A4F7556}") = "QosPublisher", "example\qos\QosPublisher\QosPublisher.csproj", "{FB98779B-A755-42C7-9180-643AECC5935B}"
EndProject
Project("{9A19103F-16F7-4668-BE54-9A1E7A4F7556}") = "QosConsole", "example\qos\QosConsole\QosConsole.csproj", "{D799112D-0712-4BB2-A8DB-9EF78B06BE54}"
EndProject
Project("{FAE04EC0-301F-11D3-BF4B-00C04F79EFBC}") = "RabbitMQConsole", "example\qos\RabbitMQConsole\RabbitMQConsole.csproj", "{34D910A5-431C-4E1F-966B-4EF0B2FD0D6A}"
EndProject
Global
	GlobalSection(SolutionConfigurationPlatforms) = preSolution
		Debug|Any CPU = Debug|Any CPU
		Release|Any CPU = Release|Any CPU
	EndGlobalSection
	GlobalSection(ProjectConfigurationPlatforms) = postSolution
		{A22A60A7-DE6D-48B4-A77D-C7BB66824CDE}.Debug|Any CPU.ActiveCfg = Debug|Any CPU
		{A22A60A7-DE6D-48B4-A77D-C7BB66824CDE}.Debug|Any CPU.Build.0 = Debug|Any CPU
		{A22A60A7-DE6D-48B4-A77D-C7BB66824CDE}.Release|Any CPU.ActiveCfg = Release|Any CPU
		{A22A60A7-DE6D-48B4-A77D-C7BB66824CDE}.Release|Any CPU.Build.0 = Release|Any CPU
		{2520529F-53A8-4FEC-A5B8-91A9C60C8B23}.Debug|Any CPU.ActiveCfg = Debug|Any CPU
		{2520529F-53A8-4FEC-A5B8-91A9C60C8B23}.Debug|Any CPU.Build.0 = Debug|Any CPU
		{2520529F-53A8-4FEC-A5B8-91A9C60C8B23}.Release|Any CPU.ActiveCfg = Release|Any CPU
		{2520529F-53A8-4FEC-A5B8-91A9C60C8B23}.Release|Any CPU.Build.0 = Release|Any CPU
		{618D4E2A-DB8C-4C3B-BD90-EFDDE9544121}.Debug|Any CPU.ActiveCfg = Debug|Any CPU
		{618D4E2A-DB8C-4C3B-BD90-EFDDE9544121}.Debug|Any CPU.Build.0 = Debug|Any CPU
		{618D4E2A-DB8C-4C3B-BD90-EFDDE9544121}.Release|Any CPU.ActiveCfg = Release|Any CPU
		{618D4E2A-DB8C-4C3B-BD90-EFDDE9544121}.Release|Any CPU.Build.0 = Release|Any CPU
		{14B650D7-0B6C-41C6-9523-17AA3044A94D}.Debug|Any CPU.ActiveCfg = Debug|Any CPU
		{14B650D7-0B6C-41C6-9523-17AA3044A94D}.Debug|Any CPU.Build.0 = Debug|Any CPU
		{14B650D7-0B6C-41C6-9523-17AA3044A94D}.Release|Any CPU.ActiveCfg = Release|Any CPU
		{14B650D7-0B6C-41C6-9523-17AA3044A94D}.Release|Any CPU.Build.0 = Release|Any CPU
		{96864D72-93E1-480B-B10D-73E34165E77E}.Debug|Any CPU.ActiveCfg = Debug|Any CPU
		{96864D72-93E1-480B-B10D-73E34165E77E}.Debug|Any CPU.Build.0 = Debug|Any CPU
		{96864D72-93E1-480B-B10D-73E34165E77E}.Release|Any CPU.ActiveCfg = Release|Any CPU
		{96864D72-93E1-480B-B10D-73E34165E77E}.Release|Any CPU.Build.0 = Release|Any CPU
		{CB412A89-4993-4C9C-9F5D-476557B34DB5}.Debug|Any CPU.ActiveCfg = Debug|Any CPU
		{CB412A89-4993-4C9C-9F5D-476557B34DB5}.Debug|Any CPU.Build.0 = Debug|Any CPU
		{CB412A89-4993-4C9C-9F5D-476557B34DB5}.Release|Any CPU.ActiveCfg = Release|Any CPU
		{CB412A89-4993-4C9C-9F5D-476557B34DB5}.Release|Any CPU.Build.0 = Release|Any CPU
		{6C84417D-21F4-47EE-9612-BFF337E3B46C}.Debug|Any CPU.ActiveCfg = Debug|Any CPU
		{6C84417D-21F4-47EE-9612-BFF337E3B46C}.Debug|Any CPU.Build.0 = Debug|Any CPU
		{6C84417D-21F4-47EE-9612-BFF337E3B46C}.Release|Any CPU.ActiveCfg = Release|Any CPU
		{6C84417D-21F4-47EE-9612-BFF337E3B46C}.Release|Any CPU.Build.0 = Release|Any CPU
		{A7D8D67E-4934-4D5A-A6F2-B37011EEAF9C}.Debug|Any CPU.ActiveCfg = Debug|Any CPU
		{A7D8D67E-4934-4D5A-A6F2-B37011EEAF9C}.Debug|Any CPU.Build.0 = Debug|Any CPU
		{A7D8D67E-4934-4D5A-A6F2-B37011EEAF9C}.Release|Any CPU.ActiveCfg = Release|Any CPU
		{A7D8D67E-4934-4D5A-A6F2-B37011EEAF9C}.Release|Any CPU.Build.0 = Release|Any CPU
		{89ADC4A7-12F2-4CD7-9219-5FAC8D501E2C}.Debug|Any CPU.ActiveCfg = Debug|Any CPU
		{89ADC4A7-12F2-4CD7-9219-5FAC8D501E2C}.Debug|Any CPU.Build.0 = Debug|Any CPU
		{89ADC4A7-12F2-4CD7-9219-5FAC8D501E2C}.Release|Any CPU.ActiveCfg = Release|Any CPU
		{89ADC4A7-12F2-4CD7-9219-5FAC8D501E2C}.Release|Any CPU.Build.0 = Release|Any CPU
		{CA20A741-3829-463D-ABDF-D5811D94602C}.Debug|Any CPU.ActiveCfg = Debug|Any CPU
		{CA20A741-3829-463D-ABDF-D5811D94602C}.Debug|Any CPU.Build.0 = Debug|Any CPU
		{CA20A741-3829-463D-ABDF-D5811D94602C}.Release|Any CPU.ActiveCfg = Release|Any CPU
		{CA20A741-3829-463D-ABDF-D5811D94602C}.Release|Any CPU.Build.0 = Release|Any CPU
		{10533189-1BE6-4F50-B5E9-3107A2274AC9}.Debug|Any CPU.ActiveCfg = Debug|Any CPU
		{10533189-1BE6-4F50-B5E9-3107A2274AC9}.Debug|Any CPU.Build.0 = Debug|Any CPU
		{10533189-1BE6-4F50-B5E9-3107A2274AC9}.Release|Any CPU.ActiveCfg = Release|Any CPU
		{10533189-1BE6-4F50-B5E9-3107A2274AC9}.Release|Any CPU.Build.0 = Release|Any CPU
		{7D6A2911-0F50-4688-ABAB-A43EE4EA0DAC}.Debug|Any CPU.ActiveCfg = Debug|Any CPU
		{7D6A2911-0F50-4688-ABAB-A43EE4EA0DAC}.Debug|Any CPU.Build.0 = Debug|Any CPU
		{7D6A2911-0F50-4688-ABAB-A43EE4EA0DAC}.Release|Any CPU.ActiveCfg = Release|Any CPU
		{7D6A2911-0F50-4688-ABAB-A43EE4EA0DAC}.Release|Any CPU.Build.0 = Release|Any CPU
		{BAF75CF5-1CDD-4751-A163-25F12BB4FCA5}.Debug|Any CPU.ActiveCfg = Debug|Any CPU
		{BAF75CF5-1CDD-4751-A163-25F12BB4FCA5}.Debug|Any CPU.Build.0 = Debug|Any CPU
		{BAF75CF5-1CDD-4751-A163-25F12BB4FCA5}.Release|Any CPU.ActiveCfg = Release|Any CPU
		{BAF75CF5-1CDD-4751-A163-25F12BB4FCA5}.Release|Any CPU.Build.0 = Release|Any CPU
		{FB98779B-A755-42C7-9180-643AECC5935B}.Debug|Any CPU.ActiveCfg = Debug|Any CPU
		{FB98779B-A755-42C7-9180-643AECC5935B}.Debug|Any CPU.Build.0 = Debug|Any CPU
		{FB98779B-A755-42C7-9180-643AECC5935B}.Release|Any CPU.ActiveCfg = Release|Any CPU
		{FB98779B-A755-42C7-9180-643AECC5935B}.Release|Any CPU.Build.0 = Release|Any CPU
		{D799112D-0712-4BB2-A8DB-9EF78B06BE54}.Debug|Any CPU.ActiveCfg = Debug|Any CPU
		{D799112D-0712-4BB2-A8DB-9EF78B06BE54}.Debug|Any CPU.Build.0 = Debug|Any CPU
		{D799112D-0712-4BB2-A8DB-9EF78B06BE54}.Release|Any CPU.ActiveCfg = Release|Any CPU
		{D799112D-0712-4BB2-A8DB-9EF78B06BE54}.Release|Any CPU.Build.0 = Release|Any CPU
		{34D910A5-431C-4E1F-966B-4EF0B2FD0D6A}.Debug|Any CPU.ActiveCfg = Debug|Any CPU
		{34D910A5-431C-4E1F-966B-4EF0B2FD0D6A}.Debug|Any CPU.Build.0 = Debug|Any CPU
		{34D910A5-431C-4E1F-966B-4EF0B2FD0D6A}.Release|Any CPU.ActiveCfg = Release|Any CPU
		{34D910A5-431C-4E1F-966B-4EF0B2FD0D6A}.Release|Any CPU.Build.0 = Release|Any CPU
	EndGlobalSection
	GlobalSection(SolutionProperties) = preSolution
		HideSolutionNode = FALSE
	EndGlobalSection
	GlobalSection(NestedProjects) = preSolution
		{A22A60A7-DE6D-48B4-A77D-C7BB66824CDE} = {5B4C0FA8-62E1-499B-8DB1-9C1CB0DE705D}
		{2520529F-53A8-4FEC-A5B8-91A9C60C8B23} = {5B4C0FA8-62E1-499B-8DB1-9C1CB0DE705D}
		{618D4E2A-DB8C-4C3B-BD90-EFDDE9544121} = {5B4C0FA8-62E1-499B-8DB1-9C1CB0DE705D}
		{8979DE46-2DFE-424E-8C3F-010D6913D44D} = {21BC46FB-53A6-4372-8A0C-5562DACAB888}
		{14B650D7-0B6C-41C6-9523-17AA3044A94D} = {8979DE46-2DFE-424E-8C3F-010D6913D44D}
		{96864D72-93E1-480B-B10D-73E34165E77E} = {5B4C0FA8-62E1-499B-8DB1-9C1CB0DE705D}
		{C9CB227E-4398-42C7-8885-EE9C7BFD89F6} = {21BC46FB-53A6-4372-8A0C-5562DACAB888}
		{C26DE99E-BA5B-440A-A731-3E19710E6367} = {21BC46FB-53A6-4372-8A0C-5562DACAB888}
		{CB412A89-4993-4C9C-9F5D-476557B34DB5} = {C9CB227E-4398-42C7-8885-EE9C7BFD89F6}
		{6C84417D-21F4-47EE-9612-BFF337E3B46C} = {C26DE99E-BA5B-440A-A731-3E19710E6367}
		{0DB479E6-BE6A-4042-99BF-E3242C55343A} = {21BC46FB-53A6-4372-8A0C-5562DACAB888}
		{A7D8D67E-4934-4D5A-A6F2-B37011EEAF9C} = {0DB479E6-BE6A-4042-99BF-E3242C55343A}
		{89ADC4A7-12F2-4CD7-9219-5FAC8D501E2C} = {0DB479E6-BE6A-4042-99BF-E3242C55343A}
		{CA20A741-3829-463D-ABDF-D5811D94602C} = {0DB479E6-BE6A-4042-99BF-E3242C55343A}
		{B24F7275-592D-44DF-B909-EE773B809B32} = {21BC46FB-53A6-4372-8A0C-5562DACAB888}
		{10533189-1BE6-4F50-B5E9-3107A2274AC9} = {B24F7275-592D-44DF-B909-EE773B809B32}
		{7D6A2911-0F50-4688-ABAB-A43EE4EA0DAC} = {5B4C0FA8-62E1-499B-8DB1-9C1CB0DE705D}
		{BAF75CF5-1CDD-4751-A163-25F12BB4FCA5} = {5B4C0FA8-62E1-499B-8DB1-9C1CB0DE705D}
		{3A5731A3-9BAC-454B-B76B-81C381404ABC} = {21BC46FB-53A6-4372-8A0C-5562DACAB888}
		{FB98779B-A755-42C7-9180-643AECC5935B} = {3A5731A3-9BAC-454B-B76B-81C381404ABC}
		{D799112D-0712-4BB2-A8DB-9EF78B06BE54} = {3A5731A3-9BAC-454B-B76B-81C381404ABC}
		{34D910A5-431C-4E1F-966B-4EF0B2FD0D6A} = {3A5731A3-9BAC-454B-B76B-81C381404ABC}
	EndGlobalSection
	GlobalSection(ExtensibilityGlobals) = postSolution
		SolutionGuid = {57DBA87C-FF49-40F6-8727-BBB51395CFEC}
	EndGlobalSection
EndGlobal
