
Microsoft Visual Studio Solution File, Format Version 12.00
# Visual Studio Version 18
VisualStudioVersion = 18.2.11408.102
MinimumVisualStudioVersion = 10.0.40219.1
Project("{2150E333-8FDC-42A3-9474-1A3956D46DE8}") = "src", "src", "{5B4C0FA8-62E1-499B-8DB1-9C1CB0DE705D}"
EndProject
Project("{2150E333-8FDC-42A3-9474-1A3956D46DE8}") = "example", "example", "{21BC46FB-53A6-4372-8A0C-5562DACAB888}"
EndProject
Project("{9A19103F-16F7-4668-BE54-9A1E7A4F7556}") = "Maomi.MQ.RedisRetry", "src\Maomi.MQ.RedisRetry\Maomi.MQ.RedisRetry.csproj", "{2520529F-53A8-4FEC-A5B8-91A9C60C8B23}"
EndProject
Project("{2150E333-8FDC-42A3-9474-1A3956D46DE8}") = "Solution Items", "Solution Items", "{BBC77092-8802-41BA-B909-4BB8F75EC21B}"
	ProjectSection(SolutionItems) = preProject
		.editorconfig = .editorconfig
		src\Directory.Build.props = src\Directory.Build.props
		Directory.Packages.props = Directory.Packages.props
	EndProjectSection
EndProject
Project("{9A19103F-16F7-4668-BE54-9A1E7A4F7556}") = "OpenTelemetry.Instrumentation.MaomiMQ", "src\OpenTelemetry.Instrumentation.MaomiMQ\OpenTelemetry.Instrumentation.MaomiMQ.csproj", "{96864D72-93E1-480B-B10D-73E34165E77E}"
EndProject
Project("{9A19103F-16F7-4668-BE54-9A1E7A4F7556}") = "Maomi.MQ.Core", "src\Maomi.MQ.Core\Maomi.MQ.Core.csproj", "{7D6A2911-0F50-4688-ABAB-A43EE4EA0DAC}"
EndProject
Project("{9A19103F-16F7-4668-BE54-9A1E7A4F7556}") = "Maomi.MQ.RabbitMQ", "src\Maomi.MQ.RabbitMQ\Maomi.MQ.RabbitMQ.csproj", "{BAF75CF5-1CDD-4751-A163-25F12BB4FCA5}"
EndProject
Project("{FAE04EC0-301F-11D3-BF4B-00C04F79EFBC}") = "Maomi.MQ.Message.MessagePack", "src\serializers\Maomi.MQ.Message.MessagePack\Maomi.MQ.Message.MessagePack.csproj", "{C7DF8739-C438-4624-B708-78936D511CC1}"
EndProject
Project("{2150E333-8FDC-42A3-9474-1A3956D46DE8}") = "serializers", "serializers", "{9371CC68-C341-442B-B231-75248CF0473E}"
EndProject
Project("{FAE04EC0-301F-11D3-BF4B-00C04F79EFBC}") = "Maomi.MQ.Message.Protobuf-net", "src\serializers\Maomi.MQ.Message.Protobuf-net\Maomi.MQ.Message.Protobuf-net.csproj", "{25BDE04D-5AE4-4E5B-86BB-446C4FB0EFDA}"
EndProject
Project("{FAE04EC0-301F-11D3-BF4B-00C04F79EFBC}") = "Maomi.MQ.Message.Protobuf", "src\serializers\Maomi.MQ.Message.Protobuf\Maomi.MQ.Message.Protobuf.csproj", "{82408A9A-70C9-2926-E6E9-A0E3D41FAABB}"
EndProject
Project("{2150E333-8FDC-42A3-9474-1A3956D46DE8}") = "other", "other", "{2B425420-8125-4E2B-87FA-97C92D4AD393}"
EndProject
Project("{FAE04EC0-301F-11D3-BF4B-00C04F79EFBC}") = "Maomi.MQ.RabbitMQ.FastEndpoints", "src\other\Maomi.MQ.RabbitMQ.FastEndpoints\Maomi.MQ.RabbitMQ.FastEndpoints.csproj", "{79C67EE4-9D7A-EEE0-6811-6795B05ACCC4}"
EndProject
Project("{FAE04EC0-301F-11D3-BF4B-00C04F79EFBC}") = "Maomi.MQ.RabbitMQ.MediatR", "src\other\Maomi.MQ.RabbitMQ.MediatR\Maomi.MQ.RabbitMQ.MediatR.csproj", "{198293CE-2F0A-4AAA-7517-894568C4A56C}"
EndProject
Project("{2150E333-8FDC-42A3-9474-1A3956D46DE8}") = "transactions", "transactions", "{04A382B5-7F3D-493A-A78D-89B390665B54}"
EndProject
Project("{FAE04EC0-301F-11D3-BF4B-00C04F79EFBC}") = "Maomi.MQ.Transaction", "src\transactions\Maomi.MQ.Transaction\Maomi.MQ.Transaction.csproj", "{CC56387F-4BD6-C40F-FC0D-522FEA71D26A}"
EndProject
Project("{2150E333-8FDC-42A3-9474-1A3956D46DE8}") = "base", "base", "{E89F08F7-1F6E-40BF-9EC9-92EE8EACDBDC}"
EndProject
Project("{2150E333-8FDC-42A3-9474-1A3956D46DE8}") = "tests", "tests", "{1E6425BE-0B95-4C9F-9F8E-E4B146DB9ADA}"
EndProject
Project("{FAE04EC0-301F-11D3-BF4B-00C04F79EFBC}") = "Maomi.MQ.Message.Protobuf.UnitTests", "tests\Maomi.MQ.Message.Protobuf.UnitTests\Maomi.MQ.Message.Protobuf.UnitTests.csproj", "{1AF7FCDF-A3E4-663D-4788-29DE8B81665D}"
EndProject
Project("{FAE04EC0-301F-11D3-BF4B-00C04F79EFBC}") = "Maomi.MQ.RabbitMQ.FastEndpoints.UnitTests", "tests\Maomi.MQ.RabbitMQ.FastEndpoints.UnitTests\Maomi.MQ.RabbitMQ.FastEndpoints.UnitTests.csproj", "{718B973D-BB1B-59C2-43AE-CD12C7426E89}"
EndProject
Project("{FAE04EC0-301F-11D3-BF4B-00C04F79EFBC}") = "Maomi.MQ.RabbitMQ.MediatR.UnitTests", "tests\Maomi.MQ.RabbitMQ.MediatR.UnitTests\Maomi.MQ.RabbitMQ.MediatR.UnitTests.csproj", "{D9EA8E9C-64CA-B552-E07E-FAB4E8B758E5}"
EndProject
Project("{FAE04EC0-301F-11D3-BF4B-00C04F79EFBC}") = "Maomi.MQ.UnitTests", "tests\Maomi.MQ.UnitTests\Maomi.MQ.UnitTests.csproj", "{E196AD38-C3E3-5ED8-26E9-FC92D04E10D4}"
EndProject
Project("{FAE04EC0-301F-11D3-BF4B-00C04F79EFBC}") = "Maomi.MQ.RabbitMQ.UnitTests", "tests\Maomi.MQ.RabbitMQ.UnitTests\Maomi.MQ.RabbitMQ.UnitTests.csproj", "{0BE813CE-B65A-4FCC-BF86-2A136C0A41AF}"
EndProject
Project("{FAE04EC0-301F-11D3-BF4B-00C04F79EFBC}") = "Maomi.MQ.Message.Thrift", "src\serializers\Maomi.MQ.Message.Thrift\Maomi.MQ.Message.Thrift.csproj", "{71ED794F-B7C2-42A9-BBC1-CCE3F40148B5}"
EndProject
Project("{FAE04EC0-301F-11D3-BF4B-00C04F79EFBC}") = "Maomi.MQ.Transaction.Mysql", "src\transactions\Maomi.MQ.Transaction.Mysql\Maomi.MQ.Transaction.Mysql.csproj", "{30FEBF79-FD64-45CC-8585-7324413B3443}"
EndProject
Project("{FAE04EC0-301F-11D3-BF4B-00C04F79EFBC}") = "Maomi.MQ.Transaction.Postgres", "src\transactions\Maomi.MQ.Transaction.Postgres\Maomi.MQ.Transaction.Postgres.csproj", "{38099665-7417-4B4A-9882-98802CE12586}"
EndProject
Project("{FAE04EC0-301F-11D3-BF4B-00C04F79EFBC}") = "Maomi.MQ.Transaction.SqlServer", "src\transactions\Maomi.MQ.Transaction.SqlServer\Maomi.MQ.Transaction.SqlServer.csproj", "{19AA575C-AA5C-44CB-BF34-27C1724A63CE}"
EndProject
Project("{FAE04EC0-301F-11D3-BF4B-00C04F79EFBC}") = "Maomi.MQ.Message.MessagePack.UnitTests", "tests\Maomi.MQ.Message.MessagePack.UnitTests\Maomi.MQ.Message.MessagePack.UnitTests.csproj", "{A0254A54-10FE-484E-8D07-0154DD8EDD46}"
EndProject
Project("{FAE04EC0-301F-11D3-BF4B-00C04F79EFBC}") = "Maomi.MQ.Message.Protobuf-net.UnitTests", "tests\Maomi.MQ.Message.Protobuf-net.UnitTests\Maomi.MQ.Message.Protobuf-net.UnitTests.csproj", "{D2603C19-B287-4334-A510-66C48D6D46A6}"
EndProject
Project("{FAE04EC0-301F-11D3-BF4B-00C04F79EFBC}") = "Maomi.MQ.Message.Thrift.UnitTests", "tests\Maomi.MQ.Message.Thrift.UnitTests\Maomi.MQ.Message.Thrift.UnitTests.csproj", "{9A715C4E-4259-447B-8964-59927E7C4783}"
EndProject
Project("{2150E333-8FDC-42A3-9474-1A3956D46DE8}") = "ben", "ben", "{9368D75A-5AD2-7902-4D6B-1E264234459B}"
EndProject
Project("{FAE04EC0-301F-11D3-BF4B-00C04F79EFBC}") = "Maomi.MQ.Serialization.Benchmarks", "ben\Maomi.MQ.Serialization.Benchmarks\Maomi.MQ.Serialization.Benchmarks.csproj", "{FE3C1009-38AB-4308-835C-DCC06E90D0A0}"
EndProject
Project("{FAE04EC0-301F-11D3-BF4B-00C04F79EFBC}") = "Maomi.MQ.Transaction.UnitTests", "tests\Maomi.MQ.Transaction.UnitTests\Maomi.MQ.Transaction.UnitTests.csproj", "{16C3996C-B856-4D64-AD81-FD6A631AF7DD}"
EndProject
Project("{2150E333-8FDC-42A3-9474-1A3956D46DE8}") = "01-QuickStart", "01-QuickStart", "{50EA6EC3-79D2-70E3-3EEF-B7A32FF66DE5}"
EndProject
Project("{FAE04EC0-301F-11D3-BF4B-00C04F79EFBC}") = "Maomi.MQ.Examples.QuickStart.Api", "examples\01-QuickStart\Maomi.MQ.Examples.QuickStart.Api\Maomi.MQ.Examples.QuickStart.Api.csproj", "{B701BD2C-7871-44A6-BF1C-EC9059595592}"
EndProject
Project("{2150E333-8FDC-42A3-9474-1A3956D46DE8}") = "02-EventBus", "02-EventBus", "{3E82BD4F-3486-D9F8-F428-0FC5BAE13350}"
EndProject
Project("{FAE04EC0-301F-11D3-BF4B-00C04F79EFBC}") = "Maomi.MQ.Examples.EventBus.Api", "examples\02-EventBus\Maomi.MQ.Examples.EventBus.Api\Maomi.MQ.Examples.EventBus.Api.csproj", "{82134AE5-6BC6-4596-AA23-7C6129D4B309}"
EndProject
Project("{2150E333-8FDC-42A3-9474-1A3956D46DE8}") = "03-DynamicConsumer", "03-DynamicConsumer", "{1A5EC44A-4574-4C93-E1D8-EDA2B38BC44F}"
EndProject
Project("{FAE04EC0-301F-11D3-BF4B-00C04F79EFBC}") = "Maomi.MQ.Examples.DynamicConsumer.Api", "examples\03-DynamicConsumer\Maomi.MQ.Examples.DynamicConsumer.Api\Maomi.MQ.Examples.DynamicConsumer.Api.csproj", "{09E16979-2961-465E-A266-CA711528D227}"
EndProject
Project("{2150E333-8FDC-42A3-9474-1A3956D46DE8}") = "04-RetryDeadLetter", "04-RetryDeadLetter", "{5F72489A-CD7F-D794-F845-BBFEC0E872CF}"
EndProject
Project("{FAE04EC0-301F-11D3-BF4B-00C04F79EFBC}") = "Maomi.MQ.Examples.RetryDeadLetter.Api", "examples\04-RetryDeadLetter\Maomi.MQ.Examples.RetryDeadLetter.Api\Maomi.MQ.Examples.RetryDeadLetter.Api.csproj", "{4D021743-B86A-4464-88FE-BA73C0569CFD}"
EndProject
Project("{2150E333-8FDC-42A3-9474-1A3956D46DE8}") = "05-ProtobufWorker", "05-ProtobufWorker", "{B0A79958-9511-6D30-6CA3-17DC63A67879}"
EndProject
Project("{FAE04EC0-301F-11D3-BF4B-00C04F79EFBC}") = "Maomi.MQ.Examples.Protobuf.Worker", "examples\05-ProtobufWorker\Maomi.MQ.Examples.Protobuf.Worker\Maomi.MQ.Examples.Protobuf.Worker.csproj", "{F0791CBB-7552-48F1-9B49-CF59B5582768}"
EndProject
Project("{2150E333-8FDC-42A3-9474-1A3956D46DE8}") = "06-BatchPublisher", "06-BatchPublisher", "{83CF945F-18C3-D1F9-9727-B9B0D6F8C794}"
EndProject
Project("{FAE04EC0-301F-11D3-BF4B-00C04F79EFBC}") = "Maomi.MQ.Examples.BatchPublisher.Worker", "examples\06-BatchPublisher\Maomi.MQ.Examples.BatchPublisher.Worker\Maomi.MQ.Examples.BatchPublisher.Worker.csproj", "{8119EFB8-1C74-4967-A682-46FDFA45969E}"
EndProject
Project("{2150E333-8FDC-42A3-9474-1A3956D46DE8}") = "00-ScenarioHub", "00-ScenarioHub", "{09006012-46D6-B0D7-6BE9-DA6A36A37077}"
EndProject
Project("{FAE04EC0-301F-11D3-BF4B-00C04F79EFBC}") = "Maomi.MQ.Examples.ScenarioHub.Api", "examples\00-ScenarioHub\Maomi.MQ.Examples.ScenarioHub.Api\Maomi.MQ.Examples.ScenarioHub.Api.csproj", "{9225752A-FEAF-4AE0-A986-B2EBC5D33610}"
EndProject
Project("{2150E333-8FDC-42A3-9474-1A3956D46DE8}") = "07-Transaction", "07-Transaction", "{DED9F418-BE2A-A5A4-09F7-123D481CECBB}"
EndProject
Project("{FAE04EC0-301F-11D3-BF4B-00C04F79EFBC}") = "Maomi.MQ.Examples.Transaction.Api", "examples\07-Transaction\Maomi.MQ.Examples.Transaction.Api\Maomi.MQ.Examples.Transaction.Api.csproj", "{7A60FCF6-F5F5-4F6B-8B3D-36B84DEF2E88}"
EndProject
Project("{FAE04EC0-301F-11D3-BF4B-00C04F79EFBC}") = "Maomi.MQ.Examples.LoadTest.Api", "examples\08-LoadTest\Maomi.MQ.Examples.LoadTest.Api\Maomi.MQ.Examples.LoadTest.Api.csproj", "{EAD09453-8416-C48E-1C6A-A6CA21EA9EA2}"
EndProject
Project("{2150E333-8FDC-42A3-9474-1A3956D46DE8}") = "08-LoadTest", "08-LoadTest", "{B9FDE538-35E7-4391-8E52-A45DC8E0C398}"
EndProject
Global
	GlobalSection(SolutionConfigurationPlatforms) = preSolution
		Debug|Any CPU = Debug|Any CPU
		Debug|x64 = Debug|x64
		Debug|x86 = Debug|x86
		Release|Any CPU = Release|Any CPU
		Release|x64 = Release|x64
		Release|x86 = Release|x86
	EndGlobalSection
	GlobalSection(ProjectConfigurationPlatforms) = postSolution
		{2520529F-53A8-4FEC-A5B8-91A9C60C8B23}.Debug|Any CPU.ActiveCfg = Debug|Any CPU
		{2520529F-53A8-4FEC-A5B8-91A9C60C8B23}.Debug|Any CPU.Build.0 = Debug|Any CPU
		{2520529F-53A8-4FEC-A5B8-91A9C60C8B23}.Debug|x64.ActiveCfg = Debug|Any CPU
		{2520529F-53A8-4FEC-A5B8-91A9C60C8B23}.Debug|x64.Build.0 = Debug|Any CPU
		{2520529F-53A8-4FEC-A5B8-91A9C60C8B23}.Debug|x86.ActiveCfg = Debug|Any CPU
		{2520529F-53A8-4FEC-A5B8-91A9C60C8B23}.Debug|x86.Build.0 = Debug|Any CPU
		{2520529F-53A8-4FEC-A5B8-91A9C60C8B23}.Release|Any CPU.ActiveCfg = Release|Any CPU
		{2520529F-53A8-4FEC-A5B8-91A9C60C8B23}.Release|Any CPU.Build.0 = Release|Any CPU
		{2520529F-53A8-4FEC-A5B8-91A9C60C8B23}.Release|x64.ActiveCfg = Release|Any CPU
		{2520529F-53A8-4FEC-A5B8-91A9C60C8B23}.Release|x64.Build.0 = Release|Any CPU
		{2520529F-53A8-4FEC-A5B8-91A9C60C8B23}.Release|x86.ActiveCfg = Release|Any CPU
		{2520529F-53A8-4FEC-A5B8-91A9C60C8B23}.Release|x86.Build.0 = Release|Any CPU
		{96864D72-93E1-480B-B10D-73E34165E77E}.Debug|Any CPU.ActiveCfg = Debug|Any CPU
		{96864D72-93E1-480B-B10D-73E34165E77E}.Debug|Any CPU.Build.0 = Debug|Any CPU
		{96864D72-93E1-480B-B10D-73E34165E77E}.Debug|x64.ActiveCfg = Debug|Any CPU
		{96864D72-93E1-480B-B10D-73E34165E77E}.Debug|x64.Build.0 = Debug|Any CPU
		{96864D72-93E1-480B-B10D-73E34165E77E}.Debug|x86.ActiveCfg = Debug|Any CPU
		{96864D72-93E1-480B-B10D-73E34165E77E}.Debug|x86.Build.0 = Debug|Any CPU
		{96864D72-93E1-480B-B10D-73E34165E77E}.Release|Any CPU.ActiveCfg = Release|Any CPU
		{96864D72-93E1-480B-B10D-73E34165E77E}.Release|Any CPU.Build.0 = Release|Any CPU
		{96864D72-93E1-480B-B10D-73E34165E77E}.Release|x64.ActiveCfg = Release|Any CPU
		{96864D72-93E1-480B-B10D-73E34165E77E}.Release|x64.Build.0 = Release|Any CPU
		{96864D72-93E1-480B-B10D-73E34165E77E}.Release|x86.ActiveCfg = Release|Any CPU
		{96864D72-93E1-480B-B10D-73E34165E77E}.Release|x86.Build.0 = Release|Any CPU
		{7D6A2911-0F50-4688-ABAB-A43EE4EA0DAC}.Debug|Any CPU.ActiveCfg = Debug|Any CPU
		{7D6A2911-0F50-4688-ABAB-A43EE4EA0DAC}.Debug|Any CPU.Build.0 = Debug|Any CPU
		{7D6A2911-0F50-4688-ABAB-A43EE4EA0DAC}.Debug|x64.ActiveCfg = Debug|Any CPU
		{7D6A2911-0F50-4688-ABAB-A43EE4EA0DAC}.Debug|x64.Build.0 = Debug|Any CPU
		{7D6A2911-0F50-4688-ABAB-A43EE4EA0DAC}.Debug|x86.ActiveCfg = Debug|Any CPU
		{7D6A2911-0F50-4688-ABAB-A43EE4EA0DAC}.Debug|x86.Build.0 = Debug|Any CPU
		{7D6A2911-0F50-4688-ABAB-A43EE4EA0DAC}.Release|Any CPU.ActiveCfg = Release|Any CPU
		{7D6A2911-0F50-4688-ABAB-A43EE4EA0DAC}.Release|Any CPU.Build.0 = Release|Any CPU
		{7D6A2911-0F50-4688-ABAB-A43EE4EA0DAC}.Release|x64.ActiveCfg = Release|Any CPU
		{7D6A2911-0F50-4688-ABAB-A43EE4EA0DAC}.Release|x64.Build.0 = Release|Any CPU
		{7D6A2911-0F50-4688-ABAB-A43EE4EA0DAC}.Release|x86.ActiveCfg = Release|Any CPU
		{7D6A2911-0F50-4688-ABAB-A43EE4EA0DAC}.Release|x86.Build.0 = Release|Any CPU
		{BAF75CF5-1CDD-4751-A163-25F12BB4FCA5}.Debug|Any CPU.ActiveCfg = Debug|Any CPU
		{BAF75CF5-1CDD-4751-A163-25F12BB4FCA5}.Debug|Any CPU.Build.0 = Debug|Any CPU
		{BAF75CF5-1CDD-4751-A163-25F12BB4FCA5}.Debug|x64.ActiveCfg = Debug|Any CPU
		{BAF75CF5-1CDD-4751-A163-25F12BB4FCA5}.Debug|x64.Build.0 = Debug|Any CPU
		{BAF75CF5-1CDD-4751-A163-25F12BB4FCA5}.Debug|x86.ActiveCfg = Debug|Any CPU
		{BAF75CF5-1CDD-4751-A163-25F12BB4FCA5}.Debug|x86.Build.0 = Debug|Any CPU
		{BAF75CF5-1CDD-4751-A163-25F12BB4FCA5}.Release|Any CPU.ActiveCfg = Release|Any CPU
		{BAF75CF5-1CDD-4751-A163-25F12BB4FCA5}.Release|Any CPU.Build.0 = Release|Any CPU
		{BAF75CF5-1CDD-4751-A163-25F12BB4FCA5}.Release|x64.ActiveCfg = Release|Any CPU
		{BAF75CF5-1CDD-4751-A163-25F12BB4FCA5}.Release|x64.Build.0 = Release|Any CPU
		{BAF75CF5-1CDD-4751-A163-25F12BB4FCA5}.Release|x86.ActiveCfg = Release|Any CPU
		{BAF75CF5-1CDD-4751-A163-25F12BB4FCA5}.Release|x86.Build.0 = Release|Any CPU
		{C7DF8739-C438-4624-B708-78936D511CC1}.Debug|Any CPU.ActiveCfg = Debug|Any CPU
		{C7DF8739-C438-4624-B708-78936D511CC1}.Debug|Any CPU.Build.0 = Debug|Any CPU
		{C7DF8739-C438-4624-B708-78936D511CC1}.Debug|x64.ActiveCfg = Debug|Any CPU
		{C7DF8739-C438-4624-B708-78936D511CC1}.Debug|x64.Build.0 = Debug|Any CPU
		{C7DF8739-C438-4624-B708-78936D511CC1}.Debug|x86.ActiveCfg = Debug|Any CPU
		{C7DF8739-C438-4624-B708-78936D511CC1}.Debug|x86.Build.0 = Debug|Any CPU
		{C7DF8739-C438-4624-B708-78936D511CC1}.Release|Any CPU.ActiveCfg = Release|Any CPU
		{C7DF8739-C438-4624-B708-78936D511CC1}.Release|Any CPU.Build.0 = Release|Any CPU
		{C7DF8739-C438-4624-B708-78936D511CC1}.Release|x64.ActiveCfg = Release|Any CPU
		{C7DF8739-C438-4624-B708-78936D511CC1}.Release|x64.Build.0 = Release|Any CPU
		{C7DF8739-C438-4624-B708-78936D511CC1}.Release|x86.ActiveCfg = Release|Any CPU
		{C7DF8739-C438-4624-B708-78936D511CC1}.Release|x86.Build.0 = Release|Any CPU
		{25BDE04D-5AE4-4E5B-86BB-446C4FB0EFDA}.Debug|Any CPU.ActiveCfg = Debug|Any CPU
		{25BDE04D-5AE4-4E5B-86BB-446C4FB0EFDA}.Debug|Any CPU.Build.0 = Debug|Any CPU
		{25BDE04D-5AE4-4E5B-86BB-446C4FB0EFDA}.Debug|x64.ActiveCfg = Debug|Any CPU
		{25BDE04D-5AE4-4E5B-86BB-446C4FB0EFDA}.Debug|x64.Build.0 = Debug|Any CPU
		{25BDE04D-5AE4-4E5B-86BB-446C4FB0EFDA}.Debug|x86.ActiveCfg = Debug|Any CPU
		{25BDE04D-5AE4-4E5B-86BB-446C4FB0EFDA}.Debug|x86.Build.0 = Debug|Any CPU
		{25BDE04D-5AE4-4E5B-86BB-446C4FB0EFDA}.Release|Any CPU.ActiveCfg = Release|Any CPU
		{25BDE04D-5AE4-4E5B-86BB-446C4FB0EFDA}.Release|Any CPU.Build.0 = Release|Any CPU
		{25BDE04D-5AE4-4E5B-86BB-446C4FB0EFDA}.Release|x64.ActiveCfg = Release|Any CPU
		{25BDE04D-5AE4-4E5B-86BB-446C4FB0EFDA}.Release|x64.Build.0 = Release|Any CPU
		{25BDE04D-5AE4-4E5B-86BB-446C4FB0EFDA}.Release|x86.ActiveCfg = Release|Any CPU
		{25BDE04D-5AE4-4E5B-86BB-446C4FB0EFDA}.Release|x86.Build.0 = Release|Any CPU
		{82408A9A-70C9-2926-E6E9-A0E3D41FAABB}.Debug|Any CPU.ActiveCfg = Debug|Any CPU
		{82408A9A-70C9-2926-E6E9-A0E3D41FAABB}.Debug|Any CPU.Build.0 = Debug|Any CPU
		{82408A9A-70C9-2926-E6E9-A0E3D41FAABB}.Debug|x64.ActiveCfg = Debug|Any CPU
		{82408A9A-70C9-2926-E6E9-A0E3D41FAABB}.Debug|x64.Build.0 = Debug|Any CPU
		{82408A9A-70C9-2926-E6E9-A0E3D41FAABB}.Debug|x86.ActiveCfg = Debug|Any CPU
		{82408A9A-70C9-2926-E6E9-A0E3D41FAABB}.Debug|x86.Build.0 = Debug|Any CPU
		{82408A9A-70C9-2926-E6E9-A0E3D41FAABB}.Release|Any CPU.ActiveCfg = Release|Any CPU
		{82408A9A-70C9-2926-E6E9-A0E3D41FAABB}.Release|Any CPU.Build.0 = Release|Any CPU
		{82408A9A-70C9-2926-E6E9-A0E3D41FAABB}.Release|x64.ActiveCfg = Release|Any CPU
		{82408A9A-70C9-2926-E6E9-A0E3D41FAABB}.Release|x64.Build.0 = Release|Any CPU
		{82408A9A-70C9-2926-E6E9-A0E3D41FAABB}.Release|x86.ActiveCfg = Release|Any CPU
		{82408A9A-70C9-2926-E6E9-A0E3D41FAABB}.Release|x86.Build.0 = Release|Any CPU
		{79C67EE4-9D7A-EEE0-6811-6795B05ACCC4}.Debug|Any CPU.ActiveCfg = Debug|Any CPU
		{79C67EE4-9D7A-EEE0-6811-6795B05ACCC4}.Debug|Any CPU.Build.0 = Debug|Any CPU
		{79C67EE4-9D7A-EEE0-6811-6795B05ACCC4}.Debug|x64.ActiveCfg = Debug|Any CPU
		{79C67EE4-9D7A-EEE0-6811-6795B05ACCC4}.Debug|x64.Build.0 = Debug|Any CPU
		{79C67EE4-9D7A-EEE0-6811-6795B05ACCC4}.Debug|x86.ActiveCfg = Debug|Any CPU
		{79C67EE4-9D7A-EEE0-6811-6795B05ACCC4}.Debug|x86.Build.0 = Debug|Any CPU
		{79C67EE4-9D7A-EEE0-6811-6795B05ACCC4}.Release|Any CPU.ActiveCfg = Release|Any CPU
		{79C67EE4-9D7A-EEE0-6811-6795B05ACCC4}.Release|Any CPU.Build.0 = Release|Any CPU
		{79C67EE4-9D7A-EEE0-6811-6795B05ACCC4}.Release|x64.ActiveCfg = Release|Any CPU
		{79C67EE4-9D7A-EEE0-6811-6795B05ACCC4}.Release|x64.Build.0 = Release|Any CPU
		{79C67EE4-9D7A-EEE0-6811-6795B05ACCC4}.Release|x86.ActiveCfg = Release|Any CPU
		{79C67EE4-9D7A-EEE0-6811-6795B05ACCC4}.Release|x86.Build.0 = Release|Any CPU
		{198293CE-2F0A-4AAA-7517-894568C4A56C}.Debug|Any CPU.ActiveCfg = Debug|Any CPU
		{198293CE-2F0A-4AAA-7517-894568C4A56C}.Debug|Any CPU.Build.0 = Debug|Any CPU
		{198293CE-2F0A-4AAA-7517-894568C4A56C}.Debug|x64.ActiveCfg = Debug|Any CPU
		{198293CE-2F0A-4AAA-7517-894568C4A56C}.Debug|x64.Build.0 = Debug|Any CPU
		{198293CE-2F0A-4AAA-7517-894568C4A56C}.Debug|x86.ActiveCfg = Debug|Any CPU
		{198293CE-2F0A-4AAA-7517-894568C4A56C}.Debug|x86.Build.0 = Debug|Any CPU
		{198293CE-2F0A-4AAA-7517-894568C4A56C}.Release|Any CPU.ActiveCfg = Release|Any CPU
		{198293CE-2F0A-4AAA-7517-894568C4A56C}.Release|Any CPU.Build.0 = Release|Any CPU
		{198293CE-2F0A-4AAA-7517-894568C4A56C}.Release|x64.ActiveCfg = Release|Any CPU
		{198293CE-2F0A-4AAA-7517-894568C4A56C}.Release|x64.Build.0 = Release|Any CPU
		{198293CE-2F0A-4AAA-7517-894568C4A56C}.Release|x86.ActiveCfg = Release|Any CPU
		{198293CE-2F0A-4AAA-7517-894568C4A56C}.Release|x86.Build.0 = Release|Any CPU
		{CC56387F-4BD6-C40F-FC0D-522FEA71D26A}.Debug|Any CPU.ActiveCfg = Debug|Any CPU
		{CC56387F-4BD6-C40F-FC0D-522FEA71D26A}.Debug|Any CPU.Build.0 = Debug|Any CPU
		{CC56387F-4BD6-C40F-FC0D-522FEA71D26A}.Debug|x64.ActiveCfg = Debug|Any CPU
		{CC56387F-4BD6-C40F-FC0D-522FEA71D26A}.Debug|x64.Build.0 = Debug|Any CPU
		{CC56387F-4BD6-C40F-FC0D-522FEA71D26A}.Debug|x86.ActiveCfg = Debug|Any CPU
		{CC56387F-4BD6-C40F-FC0D-522FEA71D26A}.Debug|x86.Build.0 = Debug|Any CPU
		{CC56387F-4BD6-C40F-FC0D-522FEA71D26A}.Release|Any CPU.ActiveCfg = Release|Any CPU
		{CC56387F-4BD6-C40F-FC0D-522FEA71D26A}.Release|Any CPU.Build.0 = Release|Any CPU
		{CC56387F-4BD6-C40F-FC0D-522FEA71D26A}.Release|x64.ActiveCfg = Release|Any CPU
		{CC56387F-4BD6-C40F-FC0D-522FEA71D26A}.Release|x64.Build.0 = Release|Any CPU
		{CC56387F-4BD6-C40F-FC0D-522FEA71D26A}.Release|x86.ActiveCfg = Release|Any CPU
		{CC56387F-4BD6-C40F-FC0D-522FEA71D26A}.Release|x86.Build.0 = Release|Any CPU
		{1AF7FCDF-A3E4-663D-4788-29DE8B81665D}.Debug|Any CPU.ActiveCfg = Debug|Any CPU
		{1AF7FCDF-A3E4-663D-4788-29DE8B81665D}.Debug|Any CPU.Build.0 = Debug|Any CPU
		{1AF7FCDF-A3E4-663D-4788-29DE8B81665D}.Debug|x64.ActiveCfg = Debug|Any CPU
		{1AF7FCDF-A3E4-663D-4788-29DE8B81665D}.Debug|x64.Build.0 = Debug|Any CPU
		{1AF7FCDF-A3E4-663D-4788-29DE8B81665D}.Debug|x86.ActiveCfg = Debug|Any CPU
		{1AF7FCDF-A3E4-663D-4788-29DE8B81665D}.Debug|x86.Build.0 = Debug|Any CPU
		{1AF7FCDF-A3E4-663D-4788-29DE8B81665D}.Release|Any CPU.ActiveCfg = Release|Any CPU
		{1AF7FCDF-A3E4-663D-4788-29DE8B81665D}.Release|Any CPU.Build.0 = Release|Any CPU
		{1AF7FCDF-A3E4-663D-4788-29DE8B81665D}.Release|x64.ActiveCfg = Release|Any CPU
		{1AF7FCDF-A3E4-663D-4788-29DE8B81665D}.Release|x64.Build.0 = Release|Any CPU
		{1AF7FCDF-A3E4-663D-4788-29DE8B81665D}.Release|x86.ActiveCfg = Release|Any CPU
		{1AF7FCDF-A3E4-663D-4788-29DE8B81665D}.Release|x86.Build.0 = Release|Any CPU
		{718B973D-BB1B-59C2-43AE-CD12C7426E89}.Debug|Any CPU.ActiveCfg = Debug|Any CPU
		{718B973D-BB1B-59C2-43AE-CD12C7426E89}.Debug|Any CPU.Build.0 = Debug|Any CPU
		{718B973D-BB1B-59C2-43AE-CD12C7426E89}.Debug|x64.ActiveCfg = Debug|Any CPU
		{718B973D-BB1B-59C2-43AE-CD12C7426E89}.Debug|x64.Build.0 = Debug|Any CPU
		{718B973D-BB1B-59C2-43AE-CD12C7426E89}.Debug|x86.ActiveCfg = Debug|Any CPU
		{718B973D-BB1B-59C2-43AE-CD12C7426E89}.Debug|x86.Build.0 = Debug|Any CPU
		{718B973D-BB1B-59C2-43AE-CD12C7426E89}.Release|Any CPU.ActiveCfg = Release|Any CPU
		{718B973D-BB1B-59C2-43AE-CD12C7426E89}.Release|Any CPU.Build.0 = Release|Any CPU
		{718B973D-BB1B-59C2-43AE-CD12C7426E89}.Release|x64.ActiveCfg = Release|Any CPU
		{718B973D-BB1B-59C2-43AE-CD12C7426E89}.Release|x64.Build.0 = Release|Any CPU
		{718B973D-BB1B-59C2-43AE-CD12C7426E89}.Release|x86.ActiveCfg = Release|Any CPU
		{718B973D-BB1B-59C2-43AE-CD12C7426E89}.Release|x86.Build.0 = Release|Any CPU
		{D9EA8E9C-64CA-B552-E07E-FAB4E8B758E5}.Debug|Any CPU.ActiveCfg = Debug|Any CPU
		{D9EA8E9C-64CA-B552-E07E-FAB4E8B758E5}.Debug|Any CPU.Build.0 = Debug|Any CPU
		{D9EA8E9C-64CA-B552-E07E-FAB4E8B758E5}.Debug|x64.ActiveCfg = Debug|Any CPU
		{D9EA8E9C-64CA-B552-E07E-FAB4E8B758E5}.Debug|x64.Build.0 = Debug|Any CPU
		{D9EA8E9C-64CA-B552-E07E-FAB4E8B758E5}.Debug|x86.ActiveCfg = Debug|Any CPU
		{D9EA8E9C-64CA-B552-E07E-FAB4E8B758E5}.Debug|x86.Build.0 = Debug|Any CPU
		{D9EA8E9C-64CA-B552-E07E-FAB4E8B758E5}.Release|Any CPU.ActiveCfg = Release|Any CPU
		{D9EA8E9C-64CA-B552-E07E-FAB4E8B758E5}.Release|Any CPU.Build.0 = Release|Any CPU
		{D9EA8E9C-64CA-B552-E07E-FAB4E8B758E5}.Release|x64.ActiveCfg = Release|Any CPU
		{D9EA8E9C-64CA-B552-E07E-FAB4E8B758E5}.Release|x64.Build.0 = Release|Any CPU
		{D9EA8E9C-64CA-B552-E07E-FAB4E8B758E5}.Release|x86.ActiveCfg = Release|Any CPU
		{D9EA8E9C-64CA-B552-E07E-FAB4E8B758E5}.Release|x86.Build.0 = Release|Any CPU
		{E196AD38-C3E3-5ED8-26E9-FC92D04E10D4}.Debug|Any CPU.ActiveCfg = Debug|Any CPU
		{E196AD38-C3E3-5ED8-26E9-FC92D04E10D4}.Debug|Any CPU.Build.0 = Debug|Any CPU
		{E196AD38-C3E3-5ED8-26E9-FC92D04E10D4}.Debug|x64.ActiveCfg = Debug|Any CPU
		{E196AD38-C3E3-5ED8-26E9-FC92D04E10D4}.Debug|x64.Build.0 = Debug|Any CPU
		{E196AD38-C3E3-5ED8-26E9-FC92D04E10D4}.Debug|x86.ActiveCfg = Debug|Any CPU
		{E196AD38-C3E3-5ED8-26E9-FC92D04E10D4}.Debug|x86.Build.0 = Debug|Any CPU
		{E196AD38-C3E3-5ED8-26E9-FC92D04E10D4}.Release|Any CPU.ActiveCfg = Release|Any CPU
		{E196AD38-C3E3-5ED8-26E9-FC92D04E10D4}.Release|Any CPU.Build.0 = Release|Any CPU
		{E196AD38-C3E3-5ED8-26E9-FC92D04E10D4}.Release|x64.ActiveCfg = Release|Any CPU
		{E196AD38-C3E3-5ED8-26E9-FC92D04E10D4}.Release|x64.Build.0 = Release|Any CPU
		{E196AD38-C3E3-5ED8-26E9-FC92D04E10D4}.Release|x86.ActiveCfg = Release|Any CPU
		{E196AD38-C3E3-5ED8-26E9-FC92D04E10D4}.Release|x86.Build.0 = Release|Any CPU
		{0BE813CE-B65A-4FCC-BF86-2A136C0A41AF}.Debug|Any CPU.ActiveCfg = Debug|Any CPU
		{0BE813CE-B65A-4FCC-BF86-2A136C0A41AF}.Debug|Any CPU.Build.0 = Debug|Any CPU
		{0BE813CE-B65A-4FCC-BF86-2A136C0A41AF}.Debug|x64.ActiveCfg = Debug|Any CPU
		{0BE813CE-B65A-4FCC-BF86-2A136C0A41AF}.Debug|x64.Build.0 = Debug|Any CPU
		{0BE813CE-B65A-4FCC-BF86-2A136C0A41AF}.Debug|x86.ActiveCfg = Debug|Any CPU
		{0BE813CE-B65A-4FCC-BF86-2A136C0A41AF}.Debug|x86.Build.0 = Debug|Any CPU
		{0BE813CE-B65A-4FCC-BF86-2A136C0A41AF}.Release|Any CPU.ActiveCfg = Release|Any CPU
		{0BE813CE-B65A-4FCC-BF86-2A136C0A41AF}.Release|Any CPU.Build.0 = Release|Any CPU
		{0BE813CE-B65A-4FCC-BF86-2A136C0A41AF}.Release|x64.ActiveCfg = Release|Any CPU
		{0BE813CE-B65A-4FCC-BF86-2A136C0A41AF}.Release|x64.Build.0 = Release|Any CPU
		{0BE813CE-B65A-4FCC-BF86-2A136C0A41AF}.Release|x86.ActiveCfg = Release|Any CPU
		{0BE813CE-B65A-4FCC-BF86-2A136C0A41AF}.Release|x86.Build.0 = Release|Any CPU
		{71ED794F-B7C2-42A9-BBC1-CCE3F40148B5}.Debug|Any CPU.ActiveCfg = Debug|Any CPU
		{71ED794F-B7C2-42A9-BBC1-CCE3F40148B5}.Debug|Any CPU.Build.0 = Debug|Any CPU
		{71ED794F-B7C2-42A9-BBC1-CCE3F40148B5}.Debug|x64.ActiveCfg = Debug|Any CPU
		{71ED794F-B7C2-42A9-BBC1-CCE3F40148B5}.Debug|x64.Build.0 = Debug|Any CPU
		{71ED794F-B7C2-42A9-BBC1-CCE3F40148B5}.Debug|x86.ActiveCfg = Debug|Any CPU
		{71ED794F-B7C2-42A9-BBC1-CCE3F40148B5}.Debug|x86.Build.0 = Debug|Any CPU
		{71ED794F-B7C2-42A9-BBC1-CCE3F40148B5}.Release|Any CPU.ActiveCfg = Release|Any CPU
		{71ED794F-B7C2-42A9-BBC1-CCE3F40148B5}.Release|Any CPU.Build.0 = Release|Any CPU
		{71ED794F-B7C2-42A9-BBC1-CCE3F40148B5}.Release|x64.ActiveCfg = Release|Any CPU
		{71ED794F-B7C2-42A9-BBC1-CCE3F40148B5}.Release|x64.Build.0 = Release|Any CPU
		{71ED794F-B7C2-42A9-BBC1-CCE3F40148B5}.Release|x86.ActiveCfg = Release|Any CPU
		{71ED794F-B7C2-42A9-BBC1-CCE3F40148B5}.Release|x86.Build.0 = Release|Any CPU
		{30FEBF79-FD64-45CC-8585-7324413B3443}.Debug|Any CPU.ActiveCfg = Debug|Any CPU
		{30FEBF79-FD64-45CC-8585-7324413B3443}.Debug|Any CPU.Build.0 = Debug|Any CPU
		{30FEBF79-FD64-45CC-8585-7324413B3443}.Debug|x64.ActiveCfg = Debug|Any CPU
		{30FEBF79-FD64-45CC-8585-7324413B3443}.Debug|x64.Build.0 = Debug|Any CPU
		{30FEBF79-FD64-45CC-8585-7324413B3443}.Debug|x86.ActiveCfg = Debug|Any CPU
		{30FEBF79-FD64-45CC-8585-7324413B3443}.Debug|x86.Build.0 = Debug|Any CPU
		{30FEBF79-FD64-45CC-8585-7324413B3443}.Release|Any CPU.ActiveCfg = Release|Any CPU
		{30FEBF79-FD64-45CC-8585-7324413B3443}.Release|Any CPU.Build.0 = Release|Any CPU
		{30FEBF79-FD64-45CC-8585-7324413B3443}.Release|x64.ActiveCfg = Release|Any CPU
		{30FEBF79-FD64-45CC-8585-7324413B3443}.Release|x64.Build.0 = Release|Any CPU
		{30FEBF79-FD64-45CC-8585-7324413B3443}.Release|x86.ActiveCfg = Release|Any CPU
		{30FEBF79-FD64-45CC-8585-7324413B3443}.Release|x86.Build.0 = Release|Any CPU
		{38099665-7417-4B4A-9882-98802CE12586}.Debug|Any CPU.ActiveCfg = Debug|Any CPU
		{38099665-7417-4B4A-9882-98802CE12586}.Debug|Any CPU.Build.0 = Debug|Any CPU
		{38099665-7417-4B4A-9882-98802CE12586}.Debug|x64.ActiveCfg = Debug|Any CPU
		{38099665-7417-4B4A-9882-98802CE12586}.Debug|x64.Build.0 = Debug|Any CPU
		{38099665-7417-4B4A-9882-98802CE12586}.Debug|x86.ActiveCfg = Debug|Any CPU
		{38099665-7417-4B4A-9882-98802CE12586}.Debug|x86.Build.0 = Debug|Any CPU
		{38099665-7417-4B4A-9882-98802CE12586}.Release|Any CPU.ActiveCfg = Release|Any CPU
		{38099665-7417-4B4A-9882-98802CE12586}.Release|Any CPU.Build.0 = Release|Any CPU
		{38099665-7417-4B4A-9882-98802CE12586}.Release|x64.ActiveCfg = Release|Any CPU
		{38099665-7417-4B4A-9882-98802CE12586}.Release|x64.Build.0 = Release|Any CPU
		{38099665-7417-4B4A-9882-98802CE12586}.Release|x86.ActiveCfg = Release|Any CPU
		{38099665-7417-4B4A-9882-98802CE12586}.Release|x86.Build.0 = Release|Any CPU
		{19AA575C-AA5C-44CB-BF34-27C1724A63CE}.Debug|Any CPU.ActiveCfg = Debug|Any CPU
		{19AA575C-AA5C-44CB-BF34-27C1724A63CE}.Debug|Any CPU.Build.0 = Debug|Any CPU
		{19AA575C-AA5C-44CB-BF34-27C1724A63CE}.Debug|x64.ActiveCfg = Debug|Any CPU
		{19AA575C-AA5C-44CB-BF34-27C1724A63CE}.Debug|x64.Build.0 = Debug|Any CPU
		{19AA575C-AA5C-44CB-BF34-27C1724A63CE}.Debug|x86.ActiveCfg = Debug|Any CPU
		{19AA575C-AA5C-44CB-BF34-27C1724A63CE}.Debug|x86.Build.0 = Debug|Any CPU
		{19AA575C-AA5C-44CB-BF34-27C1724A63CE}.Release|Any CPU.ActiveCfg = Release|Any CPU
		{19AA575C-AA5C-44CB-BF34-27C1724A63CE}.Release|Any CPU.Build.0 = Release|Any CPU
		{19AA575C-AA5C-44CB-BF34-27C1724A63CE}.Release|x64.ActiveCfg = Release|Any CPU
		{19AA575C-AA5C-44CB-BF34-27C1724A63CE}.Release|x64.Build.0 = Release|Any CPU
		{19AA575C-AA5C-44CB-BF34-27C1724A63CE}.Release|x86.ActiveCfg = Release|Any CPU
		{19AA575C-AA5C-44CB-BF34-27C1724A63CE}.Release|x86.Build.0 = Release|Any CPU
		{A0254A54-10FE-484E-8D07-0154DD8EDD46}.Debug|Any CPU.ActiveCfg = Debug|Any CPU
		{A0254A54-10FE-484E-8D07-0154DD8EDD46}.Debug|Any CPU.Build.0 = Debug|Any CPU
		{A0254A54-10FE-484E-8D07-0154DD8EDD46}.Debug|x64.ActiveCfg = Debug|Any CPU
		{A0254A54-10FE-484E-8D07-0154DD8EDD46}.Debug|x64.Build.0 = Debug|Any CPU
		{A0254A54-10FE-484E-8D07-0154DD8EDD46}.Debug|x86.ActiveCfg = Debug|Any CPU
		{A0254A54-10FE-484E-8D07-0154DD8EDD46}.Debug|x86.Build.0 = Debug|Any CPU
		{A0254A54-10FE-484E-8D07-0154DD8EDD46}.Release|Any CPU.ActiveCfg = Release|Any CPU
		{A0254A54-10FE-484E-8D07-0154DD8EDD46}.Release|Any CPU.Build.0 = Release|Any CPU
		{A0254A54-10FE-484E-8D07-0154DD8EDD46}.Release|x64.ActiveCfg = Release|Any CPU
		{A0254A54-10FE-484E-8D07-0154DD8EDD46}.Release|x64.Build.0 = Release|Any CPU
		{A0254A54-10FE-484E-8D07-0154DD8EDD46}.Release|x86.ActiveCfg = Release|Any CPU
		{A0254A54-10FE-484E-8D07-0154DD8EDD46}.Release|x86.Build.0 = Release|Any CPU
		{D2603C19-B287-4334-A510-66C48D6D46A6}.Debug|Any CPU.ActiveCfg = Debug|Any CPU
		{D2603C19-B287-4334-A510-66C48D6D46A6}.Debug|Any CPU.Build.0 = Debug|Any CPU
		{D2603C19-B287-4334-A510-66C48D6D46A6}.Debug|x64.ActiveCfg = Debug|Any CPU
		{D2603C19-B287-4334-A510-66C48D6D46A6}.Debug|x64.Build.0 = Debug|Any CPU
		{D2603C19-B287-4334-A510-66C48D6D46A6}.Debug|x86.ActiveCfg = Debug|Any CPU
		{D2603C19-B287-4334-A510-66C48D6D46A6}.Debug|x86.Build.0 = Debug|Any CPU
		{D2603C19-B287-4334-A510-66C48D6D46A6}.Release|Any CPU.ActiveCfg = Release|Any CPU
		{D2603C19-B287-4334-A510-66C48D6D46A6}.Release|Any CPU.Build.0 = Release|Any CPU
		{D2603C19-B287-4334-A510-66C48D6D46A6}.Release|x64.ActiveCfg = Release|Any CPU
		{D2603C19-B287-4334-A510-66C48D6D46A6}.Release|x64.Build.0 = Release|Any CPU
		{D2603C19-B287-4334-A510-66C48D6D46A6}.Release|x86.ActiveCfg = Release|Any CPU
		{D2603C19-B287-4334-A510-66C48D6D46A6}.Release|x86.Build.0 = Release|Any CPU
		{9A715C4E-4259-447B-8964-59927E7C4783}.Debug|Any CPU.ActiveCfg = Debug|Any CPU
		{9A715C4E-4259-447B-8964-59927E7C4783}.Debug|Any CPU.Build.0 = Debug|Any CPU
		{9A715C4E-4259-447B-8964-59927E7C4783}.Debug|x64.ActiveCfg = Debug|Any CPU
		{9A715C4E-4259-447B-8964-59927E7C4783}.Debug|x64.Build.0 = Debug|Any CPU
		{9A715C4E-4259-447B-8964-59927E7C4783}.Debug|x86.ActiveCfg = Debug|Any CPU
		{9A715C4E-4259-447B-8964-59927E7C4783}.Debug|x86.Build.0 = Debug|Any CPU
		{9A715C4E-4259-447B-8964-59927E7C4783}.Release|Any CPU.ActiveCfg = Release|Any CPU
		{9A715C4E-4259-447B-8964-59927E7C4783}.Release|Any CPU.Build.0 = Release|Any CPU
		{9A715C4E-4259-447B-8964-59927E7C4783}.Release|x64.ActiveCfg = Release|Any CPU
		{9A715C4E-4259-447B-8964-59927E7C4783}.Release|x64.Build.0 = Release|Any CPU
		{9A715C4E-4259-447B-8964-59927E7C4783}.Release|x86.ActiveCfg = Release|Any CPU
		{9A715C4E-4259-447B-8964-59927E7C4783}.Release|x86.Build.0 = Release|Any CPU
		{FE3C1009-38AB-4308-835C-DCC06E90D0A0}.Debug|Any CPU.ActiveCfg = Debug|Any CPU
		{FE3C1009-38AB-4308-835C-DCC06E90D0A0}.Debug|Any CPU.Build.0 = Debug|Any CPU
		{FE3C1009-38AB-4308-835C-DCC06E90D0A0}.Debug|x64.ActiveCfg = Debug|Any CPU
		{FE3C1009-38AB-4308-835C-DCC06E90D0A0}.Debug|x64.Build.0 = Debug|Any CPU
		{FE3C1009-38AB-4308-835C-DCC06E90D0A0}.Debug|x86.ActiveCfg = Debug|Any CPU
		{FE3C1009-38AB-4308-835C-DCC06E90D0A0}.Debug|x86.Build.0 = Debug|Any CPU
		{FE3C1009-38AB-4308-835C-DCC06E90D0A0}.Release|Any CPU.ActiveCfg = Release|Any CPU
		{FE3C1009-38AB-4308-835C-DCC06E90D0A0}.Release|Any CPU.Build.0 = Release|Any CPU
		{FE3C1009-38AB-4308-835C-DCC06E90D0A0}.Release|x64.ActiveCfg = Release|Any CPU
		{FE3C1009-38AB-4308-835C-DCC06E90D0A0}.Release|x64.Build.0 = Release|Any CPU
		{FE3C1009-38AB-4308-835C-DCC06E90D0A0}.Release|x86.ActiveCfg = Release|Any CPU
		{FE3C1009-38AB-4308-835C-DCC06E90D0A0}.Release|x86.Build.0 = Release|Any CPU
		{16C3996C-B856-4D64-AD81-FD6A631AF7DD}.Debug|Any CPU.ActiveCfg = Debug|Any CPU
		{16C3996C-B856-4D64-AD81-FD6A631AF7DD}.Debug|Any CPU.Build.0 = Debug|Any CPU
		{16C3996C-B856-4D64-AD81-FD6A631AF7DD}.Debug|x64.ActiveCfg = Debug|Any CPU
		{16C3996C-B856-4D64-AD81-FD6A631AF7DD}.Debug|x64.Build.0 = Debug|Any CPU
		{16C3996C-B856-4D64-AD81-FD6A631AF7DD}.Debug|x86.ActiveCfg = Debug|Any CPU
		{16C3996C-B856-4D64-AD81-FD6A631AF7DD}.Debug|x86.Build.0 = Debug|Any CPU
		{16C3996C-B856-4D64-AD81-FD6A631AF7DD}.Release|Any CPU.ActiveCfg = Release|Any CPU
		{16C3996C-B856-4D64-AD81-FD6A631AF7DD}.Release|Any CPU.Build.0 = Release|Any CPU
		{16C3996C-B856-4D64-AD81-FD6A631AF7DD}.Release|x64.ActiveCfg = Release|Any CPU
		{16C3996C-B856-4D64-AD81-FD6A631AF7DD}.Release|x64.Build.0 = Release|Any CPU
		{16C3996C-B856-4D64-AD81-FD6A631AF7DD}.Release|x86.ActiveCfg = Release|Any CPU
		{16C3996C-B856-4D64-AD81-FD6A631AF7DD}.Release|x86.Build.0 = Release|Any CPU
		{B701BD2C-7871-44A6-BF1C-EC9059595592}.Debug|Any CPU.ActiveCfg = Debug|Any CPU
		{B701BD2C-7871-44A6-BF1C-EC9059595592}.Debug|Any CPU.Build.0 = Debug|Any CPU
		{B701BD2C-7871-44A6-BF1C-EC9059595592}.Debug|x64.ActiveCfg = Debug|Any CPU
		{B701BD2C-7871-44A6-BF1C-EC9059595592}.Debug|x64.Build.0 = Debug|Any CPU
		{B701BD2C-7871-44A6-BF1C-EC9059595592}.Debug|x86.ActiveCfg = Debug|Any CPU
		{B701BD2C-7871-44A6-BF1C-EC9059595592}.Debug|x86.Build.0 = Debug|Any CPU
		{B701BD2C-7871-44A6-BF1C-EC9059595592}.Release|Any CPU.ActiveCfg = Release|Any CPU
		{B701BD2C-7871-44A6-BF1C-EC9059595592}.Release|Any CPU.Build.0 = Release|Any CPU
		{B701BD2C-7871-44A6-BF1C-EC9059595592}.Release|x64.ActiveCfg = Release|Any CPU
		{B701BD2C-7871-44A6-BF1C-EC9059595592}.Release|x64.Build.0 = Release|Any CPU
		{B701BD2C-7871-44A6-BF1C-EC9059595592}.Release|x86.ActiveCfg = Release|Any CPU
		{B701BD2C-7871-44A6-BF1C-EC9059595592}.Release|x86.Build.0 = Release|Any CPU
		{82134AE5-6BC6-4596-AA23-7C6129D4B309}.Debug|Any CPU.ActiveCfg = Debug|Any CPU
		{82134AE5-6BC6-4596-AA23-7C6129D4B309}.Debug|Any CPU.Build.0 = Debug|Any CPU
		{82134AE5-6BC6-4596-AA23-7C6129D4B309}.Debug|x64.ActiveCfg = Debug|Any CPU
		{82134AE5-6BC6-4596-AA23-7C6129D4B309}.Debug|x64.Build.0 = Debug|Any CPU
		{82134AE5-6BC6-4596-AA23-7C6129D4B309}.Debug|x86.ActiveCfg = Debug|Any CPU
		{82134AE5-6BC6-4596-AA23-7C6129D4B309}.Debug|x86.Build.0 = Debug|Any CPU
		{82134AE5-6BC6-4596-AA23-7C6129D4B309}.Release|Any CPU.ActiveCfg = Release|Any CPU
		{82134AE5-6BC6-4596-AA23-7C6129D4B309}.Release|Any CPU.Build.0 = Release|Any CPU
		{82134AE5-6BC6-4596-AA23-7C6129D4B309}.Release|x64.ActiveCfg = Release|Any CPU
		{82134AE5-6BC6-4596-AA23-7C6129D4B309}.Release|x64.Build.0 = Release|Any CPU
		{82134AE5-6BC6-4596-AA23-7C6129D4B309}.Release|x86.ActiveCfg = Release|Any CPU
		{82134AE5-6BC6-4596-AA23-7C6129D4B309}.Release|x86.Build.0 = Release|Any CPU
		{09E16979-2961-465E-A266-CA711528D227}.Debug|Any CPU.ActiveCfg = Debug|Any CPU
		{09E16979-2961-465E-A266-CA711528D227}.Debug|Any CPU.Build.0 = Debug|Any CPU
		{09E16979-2961-465E-A266-CA711528D227}.Debug|x64.ActiveCfg = Debug|Any CPU
		{09E16979-2961-465E-A266-CA711528D227}.Debug|x64.Build.0 = Debug|Any CPU
		{09E16979-2961-465E-A266-CA711528D227}.Debug|x86.ActiveCfg = Debug|Any CPU
		{09E16979-2961-465E-A266-CA711528D227}.Debug|x86.Build.0 = Debug|Any CPU
		{09E16979-2961-465E-A266-CA711528D227}.Release|Any CPU.ActiveCfg = Release|Any CPU
		{09E16979-2961-465E-A266-CA711528D227}.Release|Any CPU.Build.0 = Release|Any CPU
		{09E16979-2961-465E-A266-CA711528D227}.Release|x64.ActiveCfg = Release|Any CPU
		{09E16979-2961-465E-A266-CA711528D227}.Release|x64.Build.0 = Release|Any CPU
		{09E16979-2961-465E-A266-CA711528D227}.Release|x86.ActiveCfg = Release|Any CPU
		{09E16979-2961-465E-A266-CA711528D227}.Release|x86.Build.0 = Release|Any CPU
		{4D021743-B86A-4464-88FE-BA73C0569CFD}.Debug|Any CPU.ActiveCfg = Debug|Any CPU
		{4D021743-B86A-4464-88FE-BA73C0569CFD}.Debug|Any CPU.Build.0 = Debug|Any CPU
		{4D021743-B86A-4464-88FE-BA73C0569CFD}.Debug|x64.ActiveCfg = Debug|Any CPU
		{4D021743-B86A-4464-88FE-BA73C0569CFD}.Debug|x64.Build.0 = Debug|Any CPU
		{4D021743-B86A-4464-88FE-BA73C0569CFD}.Debug|x86.ActiveCfg = Debug|Any CPU
		{4D021743-B86A-4464-88FE-BA73C0569CFD}.Debug|x86.Build.0 = Debug|Any CPU
		{4D021743-B86A-4464-88FE-BA73C0569CFD}.Release|Any CPU.ActiveCfg = Release|Any CPU
		{4D021743-B86A-4464-88FE-BA73C0569CFD}.Release|Any CPU.Build.0 = Release|Any CPU
		{4D021743-B86A-4464-88FE-BA73C0569CFD}.Release|x64.ActiveCfg = Release|Any CPU
		{4D021743-B86A-4464-88FE-BA73C0569CFD}.Release|x64.Build.0 = Release|Any CPU
		{4D021743-B86A-4464-88FE-BA73C0569CFD}.Release|x86.ActiveCfg = Release|Any CPU
		{4D021743-B86A-4464-88FE-BA73C0569CFD}.Release|x86.Build.0 = Release|Any CPU
		{F0791CBB-7552-48F1-9B49-CF59B5582768}.Debug|Any CPU.ActiveCfg = Debug|Any CPU
		{F0791CBB-7552-48F1-9B49-CF59B5582768}.Debug|Any CPU.Build.0 = Debug|Any CPU
		{F0791CBB-7552-48F1-9B49-CF59B5582768}.Debug|x64.ActiveCfg = Debug|Any CPU
		{F0791CBB-7552-48F1-9B49-CF59B5582768}.Debug|x64.Build.0 = Debug|Any CPU
		{F0791CBB-7552-48F1-9B49-CF59B5582768}.Debug|x86.ActiveCfg = Debug|Any CPU
		{F0791CBB-7552-48F1-9B49-CF59B5582768}.Debug|x86.Build.0 = Debug|Any CPU
		{F0791CBB-7552-48F1-9B49-CF59B5582768}.Release|Any CPU.ActiveCfg = Release|Any CPU
		{F0791CBB-7552-48F1-9B49-CF59B5582768}.Release|Any CPU.Build.0 = Release|Any CPU
		{F0791CBB-7552-48F1-9B49-CF59B5582768}.Release|x64.ActiveCfg = Release|Any CPU
		{F0791CBB-7552-48F1-9B49-CF59B5582768}.Release|x64.Build.0 = Release|Any CPU
		{F0791CBB-7552-48F1-9B49-CF59B5582768}.Release|x86.ActiveCfg = Release|Any CPU
		{F0791CBB-7552-48F1-9B49-CF59B5582768}.Release|x86.Build.0 = Release|Any CPU
		{8119EFB8-1C74-4967-A682-46FDFA45969E}.Debug|Any CPU.ActiveCfg = Debug|Any CPU
		{8119EFB8-1C74-4967-A682-46FDFA45969E}.Debug|Any CPU.Build.0 = Debug|Any CPU
		{8119EFB8-1C74-4967-A682-46FDFA45969E}.Debug|x64.ActiveCfg = Debug|Any CPU
		{8119EFB8-1C74-4967-A682-46FDFA45969E}.Debug|x64.Build.0 = Debug|Any CPU
		{8119EFB8-1C74-4967-A682-46FDFA45969E}.Debug|x86.ActiveCfg = Debug|Any CPU
		{8119EFB8-1C74-4967-A682-46FDFA45969E}.Debug|x86.Build.0 = Debug|Any CPU
		{8119EFB8-1C74-4967-A682-46FDFA45969E}.Release|Any CPU.ActiveCfg = Release|Any CPU
		{8119EFB8-1C74-4967-A682-46FDFA45969E}.Release|Any CPU.Build.0 = Release|Any CPU
		{8119EFB8-1C74-4967-A682-46FDFA45969E}.Release|x64.ActiveCfg = Release|Any CPU
		{8119EFB8-1C74-4967-A682-46FDFA45969E}.Release|x64.Build.0 = Release|Any CPU
		{8119EFB8-1C74-4967-A682-46FDFA45969E}.Release|x86.ActiveCfg = Release|Any CPU
		{8119EFB8-1C74-4967-A682-46FDFA45969E}.Release|x86.Build.0 = Release|Any CPU
		{9225752A-FEAF-4AE0-A986-B2EBC5D33610}.Debug|Any CPU.ActiveCfg = Debug|Any CPU
		{9225752A-FEAF-4AE0-A986-B2EBC5D33610}.Debug|Any CPU.Build.0 = Debug|Any CPU
		{9225752A-FEAF-4AE0-A986-B2EBC5D33610}.Debug|x64.ActiveCfg = Debug|Any CPU
		{9225752A-FEAF-4AE0-A986-B2EBC5D33610}.Debug|x64.Build.0 = Debug|Any CPU
		{9225752A-FEAF-4AE0-A986-B2EBC5D33610}.Debug|x86.ActiveCfg = Debug|Any CPU
		{9225752A-FEAF-4AE0-A986-B2EBC5D33610}.Debug|x86.Build.0 = Debug|Any CPU
		{9225752A-FEAF-4AE0-A986-B2EBC5D33610}.Release|Any CPU.ActiveCfg = Release|Any CPU
		{9225752A-FEAF-4AE0-A986-B2EBC5D33610}.Release|Any CPU.Build.0 = Release|Any CPU
		{9225752A-FEAF-4AE0-A986-B2EBC5D33610}.Release|x64.ActiveCfg = Release|Any CPU
		{9225752A-FEAF-4AE0-A986-B2EBC5D33610}.Release|x64.Build.0 = Release|Any CPU
		{9225752A-FEAF-4AE0-A986-B2EBC5D33610}.Release|x86.ActiveCfg = Release|Any CPU
		{9225752A-FEAF-4AE0-A986-B2EBC5D33610}.Release|x86.Build.0 = Release|Any CPU
		{7A60FCF6-F5F5-4F6B-8B3D-36B84DEF2E88}.Debug|Any CPU.ActiveCfg = Debug|Any CPU
		{7A60FCF6-F5F5-4F6B-8B3D-36B84DEF2E88}.Debug|Any CPU.Build.0 = Debug|Any CPU
		{7A60FCF6-F5F5-4F6B-8B3D-36B84DEF2E88}.Debug|x64.ActiveCfg = Debug|Any CPU
		{7A60FCF6-F5F5-4F6B-8B3D-36B84DEF2E88}.Debug|x64.Build.0 = Debug|Any CPU
		{7A60FCF6-F5F5-4F6B-8B3D-36B84DEF2E88}.Debug|x86.ActiveCfg = Debug|Any CPU
		{7A60FCF6-F5F5-4F6B-8B3D-36B84DEF2E88}.Debug|x86.Build.0 = Debug|Any CPU
		{7A60FCF6-F5F5-4F6B-8B3D-36B84DEF2E88}.Release|Any CPU.ActiveCfg = Release|Any CPU
		{7A60FCF6-F5F5-4F6B-8B3D-36B84DEF2E88}.Release|Any CPU.Build.0 = Release|Any CPU
		{7A60FCF6-F5F5-4F6B-8B3D-36B84DEF2E88}.Release|x64.ActiveCfg = Release|Any CPU
		{7A60FCF6-F5F5-4F6B-8B3D-36B84DEF2E88}.Release|x64.Build.0 = Release|Any CPU
		{7A60FCF6-F5F5-4F6B-8B3D-36B84DEF2E88}.Release|x86.ActiveCfg = Release|Any CPU
		{7A60FCF6-F5F5-4F6B-8B3D-36B84DEF2E88}.Release|x86.Build.0 = Release|Any CPU
		{EAD09453-8416-C48E-1C6A-A6CA21EA9EA2}.Debug|Any CPU.ActiveCfg = Debug|Any CPU
		{EAD09453-8416-C48E-1C6A-A6CA21EA9EA2}.Debug|Any CPU.Build.0 = Debug|Any CPU
		{EAD09453-8416-C48E-1C6A-A6CA21EA9EA2}.Debug|x64.ActiveCfg = Debug|Any CPU
		{EAD09453-8416-C48E-1C6A-A6CA21EA9EA2}.Debug|x64.Build.0 = Debug|Any CPU
		{EAD09453-8416-C48E-1C6A-A6CA21EA9EA2}.Debug|x86.ActiveCfg = Debug|Any CPU
		{EAD09453-8416-C48E-1C6A-A6CA21EA9EA2}.Debug|x86.Build.0 = Debug|Any CPU
		{EAD09453-8416-C48E-1C6A-A6CA21EA9EA2}.Release|Any CPU.ActiveCfg = Release|Any CPU
		{EAD09453-8416-C48E-1C6A-A6CA21EA9EA2}.Release|Any CPU.Build.0 = Release|Any CPU
		{EAD09453-8416-C48E-1C6A-A6CA21EA9EA2}.Release|x64.ActiveCfg = Release|Any CPU
		{EAD09453-8416-C48E-1C6A-A6CA21EA9EA2}.Release|x64.Build.0 = Release|Any CPU
		{EAD09453-8416-C48E-1C6A-A6CA21EA9EA2}.Release|x86.ActiveCfg = Release|Any CPU
		{EAD09453-8416-C48E-1C6A-A6CA21EA9EA2}.Release|x86.Build.0 = Release|Any CPU
	EndGlobalSection
	GlobalSection(SolutionProperties) = preSolution
		HideSolutionNode = FALSE
	EndGlobalSection
	GlobalSection(NestedProjects) = preSolution
		{2520529F-53A8-4FEC-A5B8-91A9C60C8B23} = {E89F08F7-1F6E-40BF-9EC9-92EE8EACDBDC}
		{96864D72-93E1-480B-B10D-73E34165E77E} = {E89F08F7-1F6E-40BF-9EC9-92EE8EACDBDC}
		{7D6A2911-0F50-4688-ABAB-A43EE4EA0DAC} = {E89F08F7-1F6E-40BF-9EC9-92EE8EACDBDC}
		{BAF75CF5-1CDD-4751-A163-25F12BB4FCA5} = {E89F08F7-1F6E-40BF-9EC9-92EE8EACDBDC}
		{C7DF8739-C438-4624-B708-78936D511CC1} = {9371CC68-C341-442B-B231-75248CF0473E}
		{9371CC68-C341-442B-B231-75248CF0473E} = {5B4C0FA8-62E1-499B-8DB1-9C1CB0DE705D}
		{25BDE04D-5AE4-4E5B-86BB-446C4FB0EFDA} = {9371CC68-C341-442B-B231-75248CF0473E}
		{82408A9A-70C9-2926-E6E9-A0E3D41FAABB} = {9371CC68-C341-442B-B231-75248CF0473E}
		{2B425420-8125-4E2B-87FA-97C92D4AD393} = {5B4C0FA8-62E1-499B-8DB1-9C1CB0DE705D}
		{79C67EE4-9D7A-EEE0-6811-6795B05ACCC4} = {2B425420-8125-4E2B-87FA-97C92D4AD393}
		{198293CE-2F0A-4AAA-7517-894568C4A56C} = {2B425420-8125-4E2B-87FA-97C92D4AD393}
		{04A382B5-7F3D-493A-A78D-89B390665B54} = {5B4C0FA8-62E1-499B-8DB1-9C1CB0DE705D}
		{CC56387F-4BD6-C40F-FC0D-522FEA71D26A} = {04A382B5-7F3D-493A-A78D-89B390665B54}
		{E89F08F7-1F6E-40BF-9EC9-92EE8EACDBDC} = {5B4C0FA8-62E1-499B-8DB1-9C1CB0DE705D}
		{1AF7FCDF-A3E4-663D-4788-29DE8B81665D} = {1E6425BE-0B95-4C9F-9F8E-E4B146DB9ADA}
		{718B973D-BB1B-59C2-43AE-CD12C7426E89} = {1E6425BE-0B95-4C9F-9F8E-E4B146DB9ADA}
		{D9EA8E9C-64CA-B552-E07E-FAB4E8B758E5} = {1E6425BE-0B95-4C9F-9F8E-E4B146DB9ADA}
		{E196AD38-C3E3-5ED8-26E9-FC92D04E10D4} = {1E6425BE-0B95-4C9F-9F8E-E4B146DB9ADA}
		{0BE813CE-B65A-4FCC-BF86-2A136C0A41AF} = {1E6425BE-0B95-4C9F-9F8E-E4B146DB9ADA}
		{71ED794F-B7C2-42A9-BBC1-CCE3F40148B5} = {9371CC68-C341-442B-B231-75248CF0473E}
		{30FEBF79-FD64-45CC-8585-7324413B3443} = {04A382B5-7F3D-493A-A78D-89B390665B54}
		{38099665-7417-4B4A-9882-98802CE12586} = {04A382B5-7F3D-493A-A78D-89B390665B54}
		{19AA575C-AA5C-44CB-BF34-27C1724A63CE} = {04A382B5-7F3D-493A-A78D-89B390665B54}
		{A0254A54-10FE-484E-8D07-0154DD8EDD46} = {1E6425BE-0B95-4C9F-9F8E-E4B146DB9ADA}
		{D2603C19-B287-4334-A510-66C48D6D46A6} = {1E6425BE-0B95-4C9F-9F8E-E4B146DB9ADA}
		{9A715C4E-4259-447B-8964-59927E7C4783} = {1E6425BE-0B95-4C9F-9F8E-E4B146DB9ADA}
		{FE3C1009-38AB-4308-835C-DCC06E90D0A0} = {9368D75A-5AD2-7902-4D6B-1E264234459B}
		{16C3996C-B856-4D64-AD81-FD6A631AF7DD} = {1E6425BE-0B95-4C9F-9F8E-E4B146DB9ADA}
		{50EA6EC3-79D2-70E3-3EEF-B7A32FF66DE5} = {21BC46FB-53A6-4372-8A0C-5562DACAB888}
		{B701BD2C-7871-44A6-BF1C-EC9059595592} = {50EA6EC3-79D2-70E3-3EEF-B7A32FF66DE5}
		{3E82BD4F-3486-D9F8-F428-0FC5BAE13350} = {21BC46FB-53A6-4372-8A0C-5562DACAB888}
		{82134AE5-6BC6-4596-AA23-7C6129D4B309} = {3E82BD4F-3486-D9F8-F428-0FC5BAE13350}
		{1A5EC44A-4574-4C93-E1D8-EDA2B38BC44F} = {21BC46FB-53A6-4372-8A0C-5562DACAB888}
		{09E16979-2961-465E-A266-CA711528D227} = {1A5EC44A-4574-4C93-E1D8-EDA2B38BC44F}
		{5F72489A-CD7F-D794-F845-BBFEC0E872CF} = {21BC46FB-53A6-4372-8A0C-5562DACAB888}
		{4D021743-B86A-4464-88FE-BA73C0569CFD} = {5F72489A-CD7F-D794-F845-BBFEC0E872CF}
		{B0A79958-9511-6D30-6CA3-17DC63A67879} = {21BC46FB-53A6-4372-8A0C-5562DACAB888}
		{F0791CBB-7552-48F1-9B49-CF59B5582768} = {B0A79958-9511-6D30-6CA3-17DC63A67879}
		{83CF945F-18C3-D1F9-9727-B9B0D6F8C794} = {21BC46FB-53A6-4372-8A0C-5562DACAB888}
		{8119EFB8-1C74-4967-A682-46FDFA45969E} = {83CF945F-18C3-D1F9-9727-B9B0D6F8C794}
		{09006012-46D6-B0D7-6BE9-DA6A36A37077} = {21BC46FB-53A6-4372-8A0C-5562DACAB888}
		{9225752A-FEAF-4AE0-A986-B2EBC5D33610} = {09006012-46D6-B0D7-6BE9-DA6A36A37077}
		{DED9F418-BE2A-A5A4-09F7-123D481CECBB} = {21BC46FB-53A6-4372-8A0C-5562DACAB888}
		{7A60FCF6-F5F5-4F6B-8B3D-36B84DEF2E88} = {DED9F418-BE2A-A5A4-09F7-123D481CECBB}
		{EAD09453-8416-C48E-1C6A-A6CA21EA9EA2} = {B9FDE538-35E7-4391-8E52-A45DC8E0C398}
		{B9FDE538-35E7-4391-8E52-A45DC8E0C398} = {21BC46FB-53A6-4372-8A0C-5562DACAB888}
	EndGlobalSection
	GlobalSection(ExtensibilityGlobals) = postSolution
		SolutionGuid = {57DBA87C-FF49-40F6-8727-BBB51395CFEC}
	EndGlobalSection
EndGlobal
